
Microsoft Visual Studio Solution File, Format Version 12.00
# Visual Studio Version 17
VisualStudioVersion = 17.3.32901.215
MinimumVisualStudioVersion = 10.0.40219.1
Project("{8BC9CEB8-8B4A-11D0-8D11-00A0C91BC942}") = "TresEnLinea", "TresEnLinea\TresEnLinea.vcxproj", "{BA4A2FB0-0CEB-448F-B7DC-68F2BBD24AF3}"
EndProject
Project("{8BC9CEB8-8B4A-11D0-8D11-00A0C91BC942}") = "CovertirNumeroALetra", "CovertirNumeroALeotra\CovertirNumeroALeotra.vcxproj", "{42449822-40DD-482C-80D9-CCB959F83897}"
EndProject
Project("{2150E333-8FDC-42A3-9474-1A3956D46DE8}") = "Forms", "Forms", "{1FA1CFEA-A5BF-42D9-AC51-BE9260FB628D}"
EndProject
Project("{2150E333-8FDC-42A3-9474-1A3956D46DE8}") = "Consola", "Consola", "{9E4E5BC5-3059-4DD7-8D44-F3E8F5A56AF9}"
EndProject
Project("{8BC9CEB8-8B4A-11D0-8D11-00A0C91BC942}") = "LaCadenaMasLarga", "LaCadenaMasLarga\LaCadenaMasLarga.vcxproj", "{F42B32DA-2A18-4704-9C9C-DB84F674CB44}"
EndProject
Project("{8BC9CEB8-8B4A-11D0-8D11-00A0C91BC942}") = "Palabraspalindromas", "Palabraspalindromas\Palabraspalindromas.vcxproj", "{442D9703-80E3-4DF4-84C7-77EECC753C2E}"
EndProject
Project("{8BC9CEB8-8B4A-11D0-8D11-00A0C91BC942}") = "Circunferencia", "Circunferencia\Circunferencia.vcxproj", "{58095712-AAE5-4A82-B1E1-69C12FA0EEAB}"
EndProject
Project("{8BC9CEB8-8B4A-11D0-8D11-00A0C91BC942}") = "LaMochila", "LaMochila\LaMochila.vcxproj", "{59DFD59D-2BC6-4F50-A990-A74A21E46279}"
EndProject
Project("{888888A0-9F3D-457C-B088-3A5042F75D52}") = "triángulodesierspinski", "triángulodesierspinski\triángulodesierspinski.pyproj", "{6F2C4D09-F248-46F9-9EE7-6251068F648A}"
EndProject
Global
	GlobalSection(SolutionConfigurationPlatforms) = preSolution
		Debug|Any CPU = Debug|Any CPU
		Debug|x64 = Debug|x64
		Debug|x86 = Debug|x86
		Release|Any CPU = Release|Any CPU
		Release|x64 = Release|x64
		Release|x86 = Release|x86
	EndGlobalSection
	GlobalSection(ProjectConfigurationPlatforms) = postSolution
		{BA4A2FB0-0CEB-448F-B7DC-68F2BBD24AF3}.Debug|Any CPU.ActiveCfg = Debug|x64
		{BA4A2FB0-0CEB-448F-B7DC-68F2BBD24AF3}.Debug|Any CPU.Build.0 = Debug|x64
		{BA4A2FB0-0CEB-448F-B7DC-68F2BBD24AF3}.Debug|x64.ActiveCfg = Debug|x64
		{BA4A2FB0-0CEB-448F-B7DC-68F2BBD24AF3}.Debug|x64.Build.0 = Debug|x64
		{BA4A2FB0-0CEB-448F-B7DC-68F2BBD24AF3}.Debug|x86.ActiveCfg = Debug|Win32
		{BA4A2FB0-0CEB-448F-B7DC-68F2BBD24AF3}.Debug|x86.Build.0 = Debug|Win32
		{BA4A2FB0-0CEB-448F-B7DC-68F2BBD24AF3}.Release|Any CPU.ActiveCfg = Release|x64
		{BA4A2FB0-0CEB-448F-B7DC-68F2BBD24AF3}.Release|Any CPU.Build.0 = Release|x64
		{BA4A2FB0-0CEB-448F-B7DC-68F2BBD24AF3}.Release|x64.ActiveCfg = Release|x64
		{BA4A2FB0-0CEB-448F-B7DC-68F2BBD24AF3}.Release|x64.Build.0 = Release|x64
		{BA4A2FB0-0CEB-448F-B7DC-68F2BBD24AF3}.Release|x86.ActiveCfg = Release|Win32
		{BA4A2FB0-0CEB-448F-B7DC-68F2BBD24AF3}.Release|x86.Build.0 = Release|Win32
		{42449822-40DD-482C-80D9-CCB959F83897}.Debug|Any CPU.ActiveCfg = Debug|x64
		{42449822-40DD-482C-80D9-CCB959F83897}.Debug|Any CPU.Build.0 = Debug|x64
		{42449822-40DD-482C-80D9-CCB959F83897}.Debug|x64.ActiveCfg = Debug|x64
		{42449822-40DD-482C-80D9-CCB959F83897}.Debug|x64.Build.0 = Debug|x64
		{42449822-40DD-482C-80D9-CCB959F83897}.Debug|x86.ActiveCfg = Debug|Win32
		{42449822-40DD-482C-80D9-CCB959F83897}.Debug|x86.Build.0 = Debug|Win32
		{42449822-40DD-482C-80D9-CCB959F83897}.Release|Any CPU.ActiveCfg = Release|x64
		{42449822-40DD-482C-80D9-CCB959F83897}.Release|Any CPU.Build.0 = Release|x64
		{42449822-40DD-482C-80D9-CCB959F83897}.Release|x64.ActiveCfg = Release|x64
		{42449822-40DD-482C-80D9-CCB959F83897}.Release|x64.Build.0 = Release|x64
		{42449822-40DD-482C-80D9-CCB959F83897}.Release|x86.ActiveCfg = Release|Win32
		{42449822-40DD-482C-80D9-CCB959F83897}.Release|x86.Build.0 = Release|Win32
		{F42B32DA-2A18-4704-9C9C-DB84F674CB44}.Debug|Any CPU.ActiveCfg = Debug|x64
		{F42B32DA-2A18-4704-9C9C-DB84F674CB44}.Debug|Any CPU.Build.0 = Debug|x64
		{F42B32DA-2A18-4704-9C9C-DB84F674CB44}.Debug|x64.ActiveCfg = Debug|x64
		{F42B32DA-2A18-4704-9C9C-DB84F674CB44}.Debug|x64.Build.0 = Debug|x64
		{F42B32DA-2A18-4704-9C9C-DB84F674CB44}.Debug|x86.ActiveCfg = Debug|Win32
		{F42B32DA-2A18-4704-9C9C-DB84F674CB44}.Debug|x86.Build.0 = Debug|Win32
		{F42B32DA-2A18-4704-9C9C-DB84F674CB44}.Release|Any CPU.ActiveCfg = Release|x64
		{F42B32DA-2A18-4704-9C9C-DB84F674CB44}.Release|Any CPU.Build.0 = Release|x64
		{F42B32DA-2A18-4704-9C9C-DB84F674CB44}.Release|x64.ActiveCfg = Release|x64
		{F42B32DA-2A18-4704-9C9C-DB84F674CB44}.Release|x64.Build.0 = Release|x64
		{F42B32DA-2A18-4704-9C9C-DB84F674CB44}.Release|x86.ActiveCfg = Release|Win32
		{F42B32DA-2A18-4704-9C9C-DB84F674CB44}.Release|x86.Build.0 = Release|Win32
		{442D9703-80E3-4DF4-84C7-77EECC753C2E}.Debug|Any CPU.ActiveCfg = Debug|x64
		{442D9703-80E3-4DF4-84C7-77EECC753C2E}.Debug|Any CPU.Build.0 = Debug|x64
		{442D9703-80E3-4DF4-84C7-77EECC753C2E}.Debug|x64.ActiveCfg = Debug|x64
		{442D9703-80E3-4DF4-84C7-77EECC753C2E}.Debug|x64.Build.0 = Debug|x64
		{442D9703-80E3-4DF4-84C7-77EECC753C2E}.Debug|x86.ActiveCfg = Debug|Win32
		{442D9703-80E3-4DF4-84C7-77EECC753C2E}.Debug|x86.Build.0 = Debug|Win32
		{442D9703-80E3-4DF4-84C7-77EECC753C2E}.Release|Any CPU.ActiveCfg = Release|x64
		{442D9703-80E3-4DF4-84C7-77EECC753C2E}.Release|Any CPU.Build.0 = Release|x64
		{442D9703-80E3-4DF4-84C7-77EECC753C2E}.Release|x64.ActiveCfg = Release|x64
		{442D9703-80E3-4DF4-84C7-77EECC753C2E}.Release|x64.Build.0 = Release|x64
		{442D9703-80E3-4DF4-84C7-77EECC753C2E}.Release|x86.ActiveCfg = Release|Win32
		{442D9703-80E3-4DF4-84C7-77EECC753C2E}.Release|x86.Build.0 = Release|Win32
		{58095712-AAE5-4A82-B1E1-69C12FA0EEAB}.Debug|Any CPU.ActiveCfg = Debug|x64
		{58095712-AAE5-4A82-B1E1-69C12FA0EEAB}.Debug|Any CPU.Build.0 = Debug|x64
		{58095712-AAE5-4A82-B1E1-69C12FA0EEAB}.Debug|x64.ActiveCfg = Debug|x64
		{58095712-AAE5-4A82-B1E1-69C12FA0EEAB}.Debug|x64.Build.0 = Debug|x64
		{58095712-AAE5-4A82-B1E1-69C12FA0EEAB}.Debug|x86.ActiveCfg = Debug|Win32
		{58095712-AAE5-4A82-B1E1-69C12FA0EEAB}.Debug|x86.Build.0 = Debug|Win32
		{58095712-AAE5-4A82-B1E1-69C12FA0EEAB}.Release|Any CPU.ActiveCfg = Release|x64
		{58095712-AAE5-4A82-B1E1-69C12FA0EEAB}.Release|Any CPU.Build.0 = Release|x64
		{58095712-AAE5-4A82-B1E1-69C12FA0EEAB}.Release|x64.ActiveCfg = Release|x64
		{58095712-AAE5-4A82-B1E1-69C12FA0EEAB}.Release|x64.Build.0 = Release|x64
		{58095712-AAE5-4A82-B1E1-69C12FA0EEAB}.Release|x86.ActiveCfg = Release|Win32
		{58095712-AAE5-4A82-B1E1-69C12FA0EEAB}.Release|x86.Build.0 = Release|Win32
		{59DFD59D-2BC6-4F50-A990-A74A21E46279}.Debug|Any CPU.ActiveCfg = Debug|x64
		{59DFD59D-2BC6-4F50-A990-A74A21E46279}.Debug|Any CPU.Build.0 = Debug|x64
		{59DFD59D-2BC6-4F50-A990-A74A21E46279}.Debug|x64.ActiveCfg = Debug|x64
		{59DFD59D-2BC6-4F50-A990-A74A21E46279}.Debug|x64.Build.0 = Debug|x64
		{59DFD59D-2BC6-4F50-A990-A74A21E46279}.Debug|x86.ActiveCfg = Debug|Win32
		{59DFD59D-2BC6-4F50-A990-A74A21E46279}.Debug|x86.Build.0 = Debug|Win32
		{59DFD59D-2BC6-4F50-A990-A74A21E46279}.Release|Any CPU.ActiveCfg = Release|x64
		{59DFD59D-2BC6-4F50-A990-A74A21E46279}.Release|Any CPU.Build.0 = Release|x64
		{59DFD59D-2BC6-4F50-A990-A74A21E46279}.Release|x64.ActiveCfg = Release|x64
		{59DFD59D-2BC6-4F50-A990-A74A21E46279}.Release|x64.Build.0 = Release|x64
		{59DFD59D-2BC6-4F50-A990-A74A21E46279}.Release|x86.ActiveCfg = Release|Win32
		{59DFD59D-2BC6-4F50-A990-A74A21E46279}.Release|x86.Build.0 = Release|Win32
		{6F2C4D09-F248-46F9-9EE7-6251068F648A}.Debug|Any CPU.ActiveCfg = Debug|Any CPU
		{6F2C4D09-F248-46F9-9EE7-6251068F648A}.Debug|x64.ActiveCfg = Debug|Any CPU
		{6F2C4D09-F248-46F9-9EE7-6251068F648A}.Debug|x86.ActiveCfg = Debug|Any CPU
		{6F2C4D09-F248-46F9-9EE7-6251068F648A}.Release|Any CPU.ActiveCfg = Release|Any CPU
		{6F2C4D09-F248-46F9-9EE7-6251068F648A}.Release|x64.ActiveCfg = Release|Any CPU
		{6F2C4D09-F248-46F9-9EE7-6251068F648A}.Release|x86.ActiveCfg = Release|Any CPU
	EndGlobalSection
	GlobalSection(SolutionProperties) = preSolution
		HideSolutionNode = FALSE
	EndGlobalSection
	GlobalSection(NestedProjects) = preSolution
		{BA4A2FB0-0CEB-448F-B7DC-68F2BBD24AF3} = {1FA1CFEA-A5BF-42D9-AC51-BE9260FB628D}
		{42449822-40DD-482C-80D9-CCB959F83897} = {1FA1CFEA-A5BF-42D9-AC51-BE9260FB628D}
		{F42B32DA-2A18-4704-9C9C-DB84F674CB44} = {9E4E5BC5-3059-4DD7-8D44-F3E8F5A56AF9}
		{442D9703-80E3-4DF4-84C7-77EECC753C2E} = {9E4E5BC5-3059-4DD7-8D44-F3E8F5A56AF9}
		{58095712-AAE5-4A82-B1E1-69C12FA0EEAB} = {9E4E5BC5-3059-4DD7-8D44-F3E8F5A56AF9}
		{59DFD59D-2BC6-4F50-A990-A74A21E46279} = {9E4E5BC5-3059-4DD7-8D44-F3E8F5A56AF9}
		{6F2C4D09-F248-46F9-9EE7-6251068F648A} = {9E4E5BC5-3059-4DD7-8D44-F3E8F5A56AF9}
	EndGlobalSection
	GlobalSection(ExtensibilityGlobals) = postSolution
		SolutionGuid = {762443CA-F58D-4667-AFAE-B53BE2B03807}
	EndGlobalSection
EndGlobal
